
Microsoft Visual Studio Solution File, Format Version 12.00
# Visual Studio Version 17
VisualStudioVersion = 17.4.33403.182
MinimumVisualStudioVersion = 10.0.40219.1
Project("{FAE04EC0-301F-11D3-BF4B-00C04F79EFBC}") = "JWTBearerToken", "JWTBearerToken\JWTBearerToken.csproj", "{B3A799AF-8E6F-4010-AF1F-EAAF36AD10FC}"
EndProject
Global
	GlobalSection(SolutionConfigurationPlatforms) = preSolution
		Debug|Any CPU = Debug|Any CPU
		Release|Any CPU = Release|Any CPU
	EndGlobalSection
	GlobalSection(ProjectConfigurationPlatforms) = postSolution
		{B3A799AF-8E6F-4010-AF1F-EAAF36AD10FC}.Debug|Any CPU.ActiveCfg = Debug|Any CPU
		{B3A799AF-8E6F-4010-AF1F-EAAF36AD10FC}.Debug|Any CPU.Build.0 = Debug|Any CPU
		{B3A799AF-8E6F-4010-AF1F-EAAF36AD10FC}.Release|Any CPU.ActiveCfg = Release|Any CPU
		{B3A799AF-8E6F-4010-AF1F-EAAF36AD10FC}.Release|Any CPU.Build.0 = Release|Any CPU
	EndGlobalSection
	GlobalSection(SolutionProperties) = preSolution
		HideSolutionNode = FALSE
	EndGlobalSection
	GlobalSection(ExtensibilityGlobals) = postSolution
		SolutionGuid = {2F13C51E-EDA8-49C2-8C00-97A03901E6CA}
	EndGlobalSection
EndGlobal
